// !$*UTF8*$!
{
	archiveVersion = 1;
	classes = {
	};
	objectVersion = 46;
	objects = {

/* Begin PBXBuildFile section */
		56C88B881544EEE0006735ED /* UIKit.framework in Frameworks */ = {isa = PBXBuildFile; fileRef = 56C88B871544EEE0006735ED /* UIKit.framework */; };
		56C88B8A1544EEE0006735ED /* Foundation.framework in Frameworks */ = {isa = PBXBuildFile; fileRef = 56C88B891544EEE0006735ED /* Foundation.framework */; };
		56C88B8C1544EEE0006735ED /* CoreGraphics.framework in Frameworks */ = {isa = PBXBuildFile; fileRef = 56C88B8B1544EEE0006735ED /* CoreGraphics.framework */; };
		56C88B921544EEE0006735ED /* InfoPlist.strings in Resources */ = {isa = PBXBuildFile; fileRef = 56C88B901544EEE0006735ED /* InfoPlist.strings */; };
		56C88B941544EEE0006735ED /* main.m in Sources */ = {isa = PBXBuildFile; fileRef = 56C88B931544EEE0006735ED /* main.m */; };
		56C88B981544EEE0006735ED /* AppDelegate.m in Sources */ = {isa = PBXBuildFile; fileRef = 56C88B971544EEE0006735ED /* AppDelegate.m */; };
		56C88B9B1544EEE0006735ED /* MainStoryboard.storyboard in Resources */ = {isa = PBXBuildFile; fileRef = 56C88B991544EEE0006735ED /* MainStoryboard.storyboard */; };
		56C88B9E1544EEE0006735ED /* ViewController.m in Sources */ = {isa = PBXBuildFile; fileRef = 56C88B9D1544EEE0006735ED /* ViewController.m */; };
		56C88BA61544F304006735ED /* MapViewController.m in Sources */ = {isa = PBXBuildFile; fileRef = 56C88BA51544F304006735ED /* MapViewController.m */; };
		56C88BA81544F642006735ED /* MapKit.framework in Frameworks */ = {isa = PBXBuildFile; fileRef = 56C88BA71544F642006735ED /* MapKit.framework */; };
/* End PBXBuildFile section */

/* Begin PBXFileReference section */
		56C88B831544EEE0006735ED /* Map.app */ = {isa = PBXFileReference; explicitFileType = wrapper.application; includeInIndex = 0; path = Map.app; sourceTree = BUILT_PRODUCTS_DIR; };
		56C88B871544EEE0006735ED /* UIKit.framework */ = {isa = PBXFileReference; lastKnownFileType = wrapper.framework; name = UIKit.framework; path = System/Library/Frameworks/UIKit.framework; sourceTree = SDKROOT; };
		56C88B891544EEE0006735ED /* Foundation.framework */ = {isa = PBXFileReference; lastKnownFileType = wrapper.framework; name = Foundation.framework; path = System/Library/Frameworks/Foundation.framework; sourceTree = SDKROOT; };
		56C88B8B1544EEE0006735ED /* CoreGraphics.framework */ = {isa = PBXFileReference; lastKnownFileType = wrapper.framework; name = CoreGraphics.framework; path = System/Library/Frameworks/CoreGraphics.framework; sourceTree = SDKROOT; };
		56C88B8F1544EEE0006735ED /* Map-Info.plist */ = {isa = PBXFileReference; lastKnownFileType = text.plist.xml; path = "Map-Info.plist"; sourceTree = "<group>"; };
		56C88B911544EEE0006735ED /* en */ = {isa = PBXFileReference; lastKnownFileType = text.plist.strings; name = en; path = en.lproj/InfoPlist.strings; sourceTree = "<group>"; };
		56C88B931544EEE0006735ED /* main.m */ = {isa = PBXFileReference; lastKnownFileType = sourcecode.c.objc; path = main.m; sourceTree = "<group>"; };
		56C88B951544EEE0006735ED /* Map-Prefix.pch */ = {isa = PBXFileReference; lastKnownFileType = sourcecode.c.h; path = "Map-Prefix.pch"; sourceTree = "<group>"; };
		56C88B961544EEE0006735ED /* AppDelegate.h */ = {isa = PBXFileReference; lastKnownFileType = sourcecode.c.h; path = AppDelegate.h; sourceTree = "<group>"; };
		56C88B971544EEE0006735ED /* AppDelegate.m */ = {isa = PBXFileReference; lastKnownFileType = sourcecode.c.objc; path = AppDelegate.m; sourceTree = "<group>"; };
		56C88B9A1544EEE0006735ED /* en */ = {isa = PBXFileReference; lastKnownFileType = file.storyboard; name = en; path = en.lproj/MainStoryboard.storyboard; sourceTree = "<group>"; };
		56C88B9C1544EEE0006735ED /* ViewController.h */ = {isa = PBXFileReference; lastKnownFileType = sourcecode.c.h; path = ViewController.h; sourceTree = "<group>"; };
		56C88B9D1544EEE0006735ED /* ViewController.m */ = {isa = PBXFileReference; lastKnownFileType = sourcecode.c.objc; path = ViewController.m; sourceTree = "<group>"; };
		56C88BA41544F304006735ED /* MapViewController.h */ = {isa = PBXFileReference; fileEncoding = 4; lastKnownFileType = sourcecode.c.h; path = MapViewController.h; sourceTree = "<group>"; };
		56C88BA51544F304006735ED /* MapViewController.m */ = {isa = PBXFileReference; fileEncoding = 4; lastKnownFileType = sourcecode.c.objc; path = MapViewController.m; sourceTree = "<group>"; };
		56C88BA71544F642006735ED /* MapKit.framework */ = {isa = PBXFileReference; lastKnownFileType = wrapper.framework; name = MapKit.framework; path = System/Library/Frameworks/MapKit.framework; sourceTree = SDKROOT; };
/* End PBXFileReference section */

/* Begin PBXFrameworksBuildPhase section */
		56C88B801544EEE0006735ED /* Frameworks */ = {
			isa = PBXFrameworksBuildPhase;
			buildActionMask = 2147483647;
			files = (
				56C88BA81544F642006735ED /* MapKit.framework in Frameworks */,
				56C88B881544EEE0006735ED /* UIKit.framework in Frameworks */,
				56C88B8A1544EEE0006735ED /* Foundation.framework in Frameworks */,
				56C88B8C1544EEE0006735ED /* CoreGraphics.framework in Frameworks */,
			);
			runOnlyForDeploymentPostprocessing = 0;
		};
/* End PBXFrameworksBuildPhase section */

/* Begin PBXGroup section */
		56C88B781544EEE0006735ED = {
			isa = PBXGroup;
			children = (
				56C88B8D1544EEE0006735ED /* Map */,
				56C88B861544EEE0006735ED /* Frameworks */,
				56C88B841544EEE0006735ED /* Products */,
			);
			sourceTree = "<group>";
		};
		56C88B841544EEE0006735ED /* Products */ = {
			isa = PBXGroup;
			children = (
				56C88B831544EEE0006735ED /* Map.app */,
			);
			name = Products;
			sourceTree = "<group>";
		};
		56C88B861544EEE0006735ED /* Frameworks */ = {
			isa = PBXGroup;
			children = (
				56C88BA71544F642006735ED /* MapKit.framework */,
				56C88B871544EEE0006735ED /* UIKit.framework */,
				56C88B891544EEE0006735ED /* Foundation.framework */,
				56C88B8B1544EEE0006735ED /* CoreGraphics.framework */,
			);
			name = Frameworks;
			sourceTree = "<group>";
		};
		56C88B8D1544EEE0006735ED /* Map */ = {
			isa = PBXGroup;
			children = (
				56C88B961544EEE0006735ED /* AppDelegate.h */,
				56C88B971544EEE0006735ED /* AppDelegate.m */,
				56C88B991544EEE0006735ED /* MainStoryboard.storyboard */,
				56C88BA41544F304006735ED /* MapViewController.h */,
				56C88BA51544F304006735ED /* MapViewController.m */,
				56C88B9C1544EEE0006735ED /* ViewController.h */,
				56C88B9D1544EEE0006735ED /* ViewController.m */,
				56C88B8E1544EEE0006735ED /* Supporting Files */,
			);
			path = Map;
			sourceTree = "<group>";
		};
		56C88B8E1544EEE0006735ED /* Supporting Files */ = {
			isa = PBXGroup;
			children = (
				56C88B8F1544EEE0006735ED /* Map-Info.plist */,
				56C88B901544EEE0006735ED /* InfoPlist.strings */,
				56C88B931544EEE0006735ED /* main.m */,
				56C88B951544EEE0006735ED /* Map-Prefix.pch */,
			);
			name = "Supporting Files";
			sourceTree = "<group>";
		};
/* End PBXGroup section */

/* Begin PBXNativeTarget section */
		56C88B821544EEE0006735ED /* Map */ = {
			isa = PBXNativeTarget;
			buildConfigurationList = 56C88BA11544EEE0006735ED /* Build configuration list for PBXNativeTarget "Map" */;
			buildPhases = (
				56C88B7F1544EEE0006735ED /* Sources */,
				56C88B801544EEE0006735ED /* Frameworks */,
				56C88B811544EEE0006735ED /* Resources */,
			);
			buildRules = (
			);
			dependencies = (
			);
			name = Map;
			productName = Map;
			productReference = 56C88B831544EEE0006735ED /* Map.app */;
			productType = "com.apple.product-type.application";
		};
/* End PBXNativeTarget section */

/* Begin PBXProject section */
		56C88B7A1544EEE0006735ED /* Project object */ = {
			isa = PBXProject;
			attributes = {
				LastUpgradeCheck = 0430;
				ORGANIZATIONNAME = "UC DAAP";
			};
			buildConfigurationList = 56C88B7D1544EEE0006735ED /* Build configuration list for PBXProject "Map" */;
			compatibilityVersion = "Xcode 3.2";
			developmentRegion = English;
			hasScannedForEncodings = 0;
			knownRegions = (
				en,
			);
			mainGroup = 56C88B781544EEE0006735ED;
			productRefGroup = 56C88B841544EEE0006735ED /* Products */;
			projectDirPath = "";
			projectRoot = "";
			targets = (
				56C88B821544EEE0006735ED /* Map */,
			);
		};
/* End PBXProject section */

/* Begin PBXResourcesBuildPhase section */
		56C88B811544EEE0006735ED /* Resources */ = {
			isa = PBXResourcesBuildPhase;
			buildActionMask = 2147483647;
			files = (
				56C88B921544EEE0006735ED /* InfoPlist.strings in Resources */,
				56C88B9B1544EEE0006735ED /* MainStoryboard.storyboard in Resources */,
			);
			runOnlyForDeploymentPostprocessing = 0;
		};
/* End PBXResourcesBuildPhase section */

/* Begin PBXSourcesBuildPhase section */
		56C88B7F1544EEE0006735ED /* Sources */ = {
			isa = PBXSourcesBuildPhase;
			buildActionMask = 2147483647;
			files = (
				56C88B941544EEE0006735ED /* main.m in Sources */,
				56C88B981544EEE0006735ED /* AppDelegate.m in Sources */,
				56C88B9E1544EEE0006735ED /* ViewController.m in Sources */,
				56C88BA61544F304006735ED /* MapViewController.m in Sources */,
			);
			runOnlyForDeploymentPostprocessing = 0;
		};
/* End PBXSourcesBuildPhase section */

/* Begin PBXVariantGroup section */
		56C88B901544EEE0006735ED /* InfoPlist.strings */ = {
			isa = PBXVariantGroup;
			children = (
				56C88B911544EEE0006735ED /* en */,
			);
			name = InfoPlist.strings;
			sourceTree = "<group>";
		};
		56C88B991544EEE0006735ED /* MainStoryboard.storyboard */ = {
			isa = PBXVariantGroup;
			children = (
				56C88B9A1544EEE0006735ED /* en */,
			);
			name = MainStoryboard.storyboard;
			sourceTree = "<group>";
		};
/* End PBXVariantGroup section */

/* Begin XCBuildConfiguration section */
		56C88B9F1544EEE0006735ED /* Debug */ = {
			isa = XCBuildConfiguration;
			buildSettings = {
				ALWAYS_SEARCH_USER_PATHS = NO;
				ARCHS = "$(ARCHS_STANDARD_32_BIT)";
				"CODE_SIGN_IDENTITY[sdk=iphoneos*]" = "iPhone Developer";
				COPY_PHASE_STRIP = NO;
				GCC_C_LANGUAGE_STANDARD = gnu99;
				GCC_DYNAMIC_NO_PIC = NO;
				GCC_OPTIMIZATION_LEVEL = 0;
				GCC_PREPROCESSOR_DEFINITIONS = (
					"DEBUG=1",
					"$(inherited)",
				);
				GCC_SYMBOLS_PRIVATE_EXTERN = NO;
				GCC_VERSION = com.apple.compilers.llvm.clang.1_0;
				GCC_WARN_ABOUT_RETURN_TYPE = YES;
				GCC_WARN_UNINITIALIZED_AUTOS = YES;
				GCC_WARN_UNUSED_VARIABLE = YES;
				IPHONEOS_DEPLOYMENT_TARGET = 5.1;
				SDKROOT = iphoneos;
				TARGETED_DEVICE_FAMILY = 2;
			};
			name = Debug;
		};
		56C88BA01544EEE0006735ED /* Release */ = {
			isa = XCBuildConfiguration;
			buildSettings = {
				ALWAYS_SEARCH_USER_PATHS = NO;
				ARCHS = "$(ARCHS_STANDARD_32_BIT)";
				"CODE_SIGN_IDENTITY[sdk=iphoneos*]" = "iPhone Developer";
				COPY_PHASE_STRIP = YES;
				GCC_C_LANGUAGE_STANDARD = gnu99;
				GCC_VERSION = com.apple.compilers.llvm.clang.1_0;
				GCC_WARN_ABOUT_RETURN_TYPE = YES;
				GCC_WARN_UNINITIALIZED_AUTOS = YES;
				GCC_WARN_UNUSED_VARIABLE = YES;
				IPHONEOS_DEPLOYMENT_TARGET = 5.1;
				OTHER_CFLAGS = "-DNS_BLOCK_ASSERTIONS=1";
				SDKROOT = iphoneos;
				TARGETED_DEVICE_FAMILY = 2;
				VALIDATE_PRODUCT = YES;
			};
			name = Release;
		};
		56C88BA21544EEE0006735ED /* Debug */ = {
			isa = XCBuildConfiguration;
			buildSettings = {
				GCC_PRECOMPILE_PREFIX_HEADER = YES;
				GCC_PREFIX_HEADER = "Map/Map-Prefix.pch";
				INFOPLIST_FILE = "Map/Map-Info.plist";
				PRODUCT_NAME = "$(TARGET_NAME)";
				WRAPPER_EXTENSION = app;
			};
			name = Debug;
		};
		56C88BA31544EEE0006735ED /* Release */ = {
			isa = XCBuildConfiguration;
			buildSettings = {
				GCC_PRECOMPILE_PREFIX_HEADER = YES;
				GCC_PREFIX_HEADER = "Map/Map-Prefix.pch";
				INFOPLIST_FILE = "Map/Map-Info.plist";
				PRODUCT_NAME = "$(TARGET_NAME)";
				WRAPPER_EXTENSION = app;
			};
			name = Release;
		};
/* End XCBuildConfiguration section */

/* Begin XCConfigurationList section */
		56C88B7D1544EEE0006735ED /* Build configuration list for PBXProject "Map" */ = {
			isa = XCConfigurationList;
			buildConfigurations = (
				56C88B9F1544EEE0006735ED /* Debug */,
				56C88BA01544EEE0006735ED /* Release */,
			);
			defaultConfigurationIsVisible = 0;
			defaultConfigurationName = Release;
		};
		56C88BA11544EEE0006735ED /* Build configuration list for PBXNativeTarget "Map" */ = {
			isa = XCConfigurationList;
			buildConfigurations = (
				56C88BA21544EEE0006735ED /* Debug */,
				56C88BA31544EEE0006735ED /* Release */,
			);
			defaultConfigurationIsVisible = 0;
		};
/* End XCConfigurationList section */
	};
	rootObject = 56C88B7A1544EEE0006735ED /* Project object */;
}
